
Microsoft Visual Studio Solution File, Format Version 12.00
# Visual Studio Version 17
VisualStudioVersion = 17.4.33205.214
MinimumVisualStudioVersion = 10.0.40219.1
Project("{FAE04EC0-301F-11D3-BF4B-00C04F79EFBC}") = "CarCLOpg1", "CarCLOpg1\CarCLOpg1.csproj", "{75119025-8BBB-49A3-AF28-9B2089E131B2}"
EndProject
Project("{FAE04EC0-301F-11D3-BF4B-00C04F79EFBC}") = "CarCLOpg1Tests", "CarCLOpg1Tests\CarCLOpg1Tests.csproj", "{5F017EEF-78CC-4A0D-A43A-73CB4F090960}"
EndProject
Global
	GlobalSection(SolutionConfigurationPlatforms) = preSolution
		Debug|Any CPU = Debug|Any CPU
		Release|Any CPU = Release|Any CPU
	EndGlobalSection
	GlobalSection(ProjectConfigurationPlatforms) = postSolution
		{75119025-8BBB-49A3-AF28-9B2089E131B2}.Debug|Any CPU.ActiveCfg = Debug|Any CPU
		{75119025-8BBB-49A3-AF28-9B2089E131B2}.Debug|Any CPU.Build.0 = Debug|Any CPU
		{75119025-8BBB-49A3-AF28-9B2089E131B2}.Release|Any CPU.ActiveCfg = Release|Any CPU
		{75119025-8BBB-49A3-AF28-9B2089E131B2}.Release|Any CPU.Build.0 = Release|Any CPU
		{5F017EEF-78CC-4A0D-A43A-73CB4F090960}.Debug|Any CPU.ActiveCfg = Debug|Any CPU
		{5F017EEF-78CC-4A0D-A43A-73CB4F090960}.Debug|Any CPU.Build.0 = Debug|Any CPU
		{5F017EEF-78CC-4A0D-A43A-73CB4F090960}.Release|Any CPU.ActiveCfg = Release|Any CPU
		{5F017EEF-78CC-4A0D-A43A-73CB4F090960}.Release|Any CPU.Build.0 = Release|Any CPU
	EndGlobalSection
	GlobalSection(SolutionProperties) = preSolution
		HideSolutionNode = FALSE
	EndGlobalSection
	GlobalSection(ExtensibilityGlobals) = postSolution
		SolutionGuid = {10E6DB85-1663-4907-AF9D-4C7A447C6C71}
	EndGlobalSection
EndGlobal
